// !$*UTF8*$!
{
	archiveVersion = 1;
	classes = {
	};
	objectVersion = 46;
	objects = {

/* Begin PBXBuildFile section */
		49035E821F370C2600F33117 /* Environment.cpp in Sources */ = {isa = PBXBuildFile; fileRef = 49035E801F370C2600F33117 /* Environment.cpp */; };
		49035E851F370D8400F33117 /* TerrainPatch.cpp in Sources */ = {isa = PBXBuildFile; fileRef = 49035E831F370D8400F33117 /* TerrainPatch.cpp */; };
		490C32511EA23E6C00AC12FF /* Firefly.cpp in Sources */ = {isa = PBXBuildFile; fileRef = 490C324F1EA23E6C00AC12FF /* Firefly.cpp */; };
		493F6D4C1F3304790086BC41 /* Grass.cpp in Sources */ = {isa = PBXBuildFile; fileRef = 493F6D4A1F3304790086BC41 /* Grass.cpp */; };
		493F8F141E475DF600D94AC1 /* Butterfly.cpp in Sources */ = {isa = PBXBuildFile; fileRef = 493F8F121E475DF600D94AC1 /* Butterfly.cpp */; };
		496B07AA1DF99EFC00CFBD10 /* OpenGL.framework in Frameworks */ = {isa = PBXBuildFile; fileRef = 496B07A91DF99EFC00CFBD10 /* OpenGL.framework */; };
		49E3833C1E6A11240024D5D7 /* simplexnoise.cpp in Sources */ = {isa = PBXBuildFile; fileRef = 49E3833A1E6A11240024D5D7 /* simplexnoise.cpp */; };
		49EBFAF41E43BEA400503199 /* SDL2_image.framework in Frameworks */ = {isa = PBXBuildFile; fileRef = 49EBFAF21E43BEA400503199 /* SDL2_image.framework */; };
		49EBFAF51E43BEA400503199 /* SDL2.framework in Frameworks */ = {isa = PBXBuildFile; fileRef = 49EBFAF31E43BEA400503199 /* SDL2.framework */; };
		7A383A271BBFB6F700E29333 /* game.cpp in Sources */ = {isa = PBXBuildFile; fileRef = 7A383A261BBFB6F700E29333 /* game.cpp */; };
		7AB0F2C01BC07B52009D85FD /* Spider.cpp in Sources */ = {isa = PBXBuildFile; fileRef = 7AB0F2BE1BC07B52009D85FD /* Spider.cpp */; };
		7AB0F2C51BC25326009D85FD /* Terrain.cpp in Sources */ = {isa = PBXBuildFile; fileRef = 7AB0F2C31BC25326009D85FD /* Terrain.cpp */; };
/* End PBXBuildFile section */

/* Begin PBXCopyFilesBuildPhase section */
		7A383A1A1BBFB6AC00E29333 /* CopyFiles */ = {
			isa = PBXCopyFilesBuildPhase;
			buildActionMask = 2147483647;
			dstPath = /usr/share/man/man1/;
			dstSubfolderSpec = 0;
			files = (
			);
			runOnlyForDeploymentPostprocessing = 1;
		};
/* End PBXCopyFilesBuildPhase section */

/* Begin PBXFileReference section */
		4900D18D1E0BBC4D00F92EBD /* Materials.h */ = {isa = PBXFileReference; lastKnownFileType = sourcecode.c.h; name = Materials.h; path = materials/Materials.h; sourceTree = "<group>"; };
		49035E801F370C2600F33117 /* Environment.cpp */ = {isa = PBXFileReference; fileEncoding = 4; lastKnownFileType = sourcecode.cpp.cpp; name = Environment.cpp; path = source/Environment.cpp; sourceTree = "<group>"; };
		49035E811F370C2600F33117 /* Environment.hpp */ = {isa = PBXFileReference; fileEncoding = 4; lastKnownFileType = sourcecode.cpp.h; name = Environment.hpp; path = source/Environment.hpp; sourceTree = "<group>"; };
		49035E831F370D8400F33117 /* TerrainPatch.cpp */ = {isa = PBXFileReference; fileEncoding = 4; lastKnownFileType = sourcecode.cpp.cpp; name = TerrainPatch.cpp; path = source/TerrainPatch.cpp; sourceTree = "<group>"; };
		49035E841F370D8400F33117 /* TerrainPatch.hpp */ = {isa = PBXFileReference; fileEncoding = 4; lastKnownFileType = sourcecode.cpp.h; name = TerrainPatch.hpp; path = source/TerrainPatch.hpp; sourceTree = "<group>"; };
		490C324F1EA23E6C00AC12FF /* Firefly.cpp */ = {isa = PBXFileReference; fileEncoding = 4; lastKnownFileType = sourcecode.cpp.cpp; name = Firefly.cpp; path = source/Firefly.cpp; sourceTree = "<group>"; };
		490C32501EA23E6C00AC12FF /* Firefly.hpp */ = {isa = PBXFileReference; fileEncoding = 4; lastKnownFileType = sourcecode.cpp.h; name = Firefly.hpp; path = source/Firefly.hpp; sourceTree = "<group>"; };
		493F6D4A1F3304790086BC41 /* Grass.cpp */ = {isa = PBXFileReference; fileEncoding = 4; lastKnownFileType = sourcecode.cpp.cpp; name = Grass.cpp; path = source/Grass.cpp; sourceTree = "<group>"; };
		493F6D4B1F3304790086BC41 /* Grass.hpp */ = {isa = PBXFileReference; fileEncoding = 4; lastKnownFileType = sourcecode.cpp.h; name = Grass.hpp; path = source/Grass.hpp; sourceTree = "<group>"; };
		493F8F121E475DF600D94AC1 /* Butterfly.cpp */ = {isa = PBXFileReference; fileEncoding = 4; lastKnownFileType = sourcecode.cpp.cpp; name = Butterfly.cpp; path = source/Butterfly.cpp; sourceTree = "<group>"; };
		493F8F131E475DF600D94AC1 /* Butterfly.hpp */ = {isa = PBXFileReference; fileEncoding = 4; lastKnownFileType = sourcecode.cpp.h; name = Butterfly.hpp; path = source/Butterfly.hpp; sourceTree = "<group>"; };
		496B07A91DF99EFC00CFBD10 /* OpenGL.framework */ = {isa = PBXFileReference; lastKnownFileType = wrapper.framework; name = OpenGL.framework; path = System/Library/Frameworks/OpenGL.framework; sourceTree = SDKROOT; };
		497A95501EDECDB6004AA2CA /* water.vert */ = {isa = PBXFileReference; fileEncoding = 4; lastKnownFileType = sourcecode.glsl; name = water.vert; path = shaders/water.vert; sourceTree = "<group>"; };
		49E383391E6A11240024D5D7 /* Random.h */ = {isa = PBXFileReference; fileEncoding = 4; lastKnownFileType = sourcecode.c.h; name = Random.h; path = random/Random.h; sourceTree = "<group>"; };
		49E3833A1E6A11240024D5D7 /* simplexnoise.cpp */ = {isa = PBXFileReference; fileEncoding = 4; lastKnownFileType = sourcecode.cpp.cpp; name = simplexnoise.cpp; path = random/simplexnoise.cpp; sourceTree = "<group>"; };
		49E3833B1E6A11240024D5D7 /* simplexnoise.h */ = {isa = PBXFileReference; fileEncoding = 4; lastKnownFileType = sourcecode.c.h; name = simplexnoise.h; path = random/simplexnoise.h; sourceTree = "<group>"; };
		49EBFAE41E3F1DE400503199 /* water.frag */ = {isa = PBXFileReference; fileEncoding = 4; lastKnownFileType = sourcecode.glsl; name = water.frag; path = shaders/water.frag; sourceTree = "<group>"; };
		49EBFAE61E3FDD3300503199 /* terrain.frag */ = {isa = PBXFileReference; fileEncoding = 4; lastKnownFileType = sourcecode.glsl; name = terrain.frag; path = shaders/terrain.frag; sourceTree = "<group>"; };
		49EBFAF21E43BEA400503199 /* SDL2_image.framework */ = {isa = PBXFileReference; lastKnownFileType = wrapper.framework; name = SDL2_image.framework; path = ../../../../Library/Frameworks/SDL2_image.framework; sourceTree = "<group>"; };
		49EBFAF31E43BEA400503199 /* SDL2.framework */ = {isa = PBXFileReference; lastKnownFileType = wrapper.framework; name = SDL2.framework; path = ../../../../Library/Frameworks/SDL2.framework; sourceTree = "<group>"; };
		7A370D901BD964E2000783CA /* grass.geom */ = {isa = PBXFileReference; fileEncoding = 4; lastKnownFileType = sourcecode.glsl; name = grass.geom; path = shaders/grass.geom; sourceTree = "<group>"; };
		7A383A1C1BBFB6AC00E29333 /* Spider */ = {isa = PBXFileReference; explicitFileType = "compiled.mach-o.executable"; includeInIndex = 0; path = Spider; sourceTree = BUILT_PRODUCTS_DIR; };
		7A383A261BBFB6F700E29333 /* game.cpp */ = {isa = PBXFileReference; fileEncoding = 4; lastKnownFileType = sourcecode.cpp.cpp; name = game.cpp; path = source/game.cpp; sourceTree = "<group>"; };
		7AB0F2BE1BC07B52009D85FD /* Spider.cpp */ = {isa = PBXFileReference; fileEncoding = 4; lastKnownFileType = sourcecode.cpp.cpp; name = Spider.cpp; path = source/Spider.cpp; sourceTree = "<group>"; };
		7AB0F2BF1BC07B52009D85FD /* Spider.hpp */ = {isa = PBXFileReference; fileEncoding = 4; lastKnownFileType = sourcecode.cpp.h; name = Spider.hpp; path = source/Spider.hpp; sourceTree = "<group>"; };
		7AB0F2C31BC25326009D85FD /* Terrain.cpp */ = {isa = PBXFileReference; fileEncoding = 4; lastKnownFileType = sourcecode.cpp.cpp; name = Terrain.cpp; path = source/Terrain.cpp; sourceTree = "<group>"; };
		7AB0F2C41BC25326009D85FD /* Terrain.hpp */ = {isa = PBXFileReference; fileEncoding = 4; lastKnownFileType = sourcecode.cpp.h; name = Terrain.hpp; path = source/Terrain.hpp; sourceTree = "<group>"; };
		7AE74B671C18B00800466559 /* spider_legs.geom */ = {isa = PBXFileReference; fileEncoding = 4; lastKnownFileType = sourcecode.glsl; name = spider_legs.geom; path = shaders/spider_legs.geom; sourceTree = "<group>"; };
		7AF4B53F1D27B3D0008A5074 /* grass.frag */ = {isa = PBXFileReference; fileEncoding = 4; lastKnownFileType = sourcecode.glsl; name = grass.frag; path = shaders/grass.frag; sourceTree = "<group>"; };
/* End PBXFileReference section */

/* Begin PBXFrameworksBuildPhase section */
		7A383A191BBFB6AC00E29333 /* Frameworks */ = {
			isa = PBXFrameworksBuildPhase;
			buildActionMask = 2147483647;
			files = (
				49EBFAF41E43BEA400503199 /* SDL2_image.framework in Frameworks */,
				49EBFAF51E43BEA400503199 /* SDL2.framework in Frameworks */,
				496B07AA1DF99EFC00CFBD10 /* OpenGL.framework in Frameworks */,
			);
			runOnlyForDeploymentPostprocessing = 0;
		};
/* End PBXFrameworksBuildPhase section */

/* Begin PBXGroup section */
		496B07A31DF8833200CFBD10 /* Frameworks */ = {
			isa = PBXGroup;
			children = (
				49EBFAF21E43BEA400503199 /* SDL2_image.framework */,
				49EBFAF31E43BEA400503199 /* SDL2.framework */,
				496B07A91DF99EFC00CFBD10 /* OpenGL.framework */,
			);
			name = Frameworks;
			sourceTree = "<group>";
		};
		49E3833D1E6A112D0024D5D7 /* Random */ = {
			isa = PBXGroup;
			children = (
				49E383391E6A11240024D5D7 /* Random.h */,
				49E3833A1E6A11240024D5D7 /* simplexnoise.cpp */,
				49E3833B1E6A11240024D5D7 /* simplexnoise.h */,
			);
			name = Random;
			sourceTree = "<group>";
		};
		7A383A131BBFB6AC00E29333 = {
			isa = PBXGroup;
			children = (
				7A383A341BBFD93A00E29333 /* Shaders */,
				49E3833D1E6A112D0024D5D7 /* Random */,
				7AF9C41A1BEBEB12008AE5F5 /* Rendering */,
				7AB0F2BD1BC07AB1009D85FD /* Model */,
				7A383A261BBFB6F700E29333 /* game.cpp */,
				7A383A1D1BBFB6AC00E29333 /* Products */,
				496B07A31DF8833200CFBD10 /* Frameworks */,
			);
			sourceTree = "<group>";
		};
		7A383A1D1BBFB6AC00E29333 /* Products */ = {
			isa = PBXGroup;
			children = (
				7A383A1C1BBFB6AC00E29333 /* Spider */,
			);
			name = Products;
			sourceTree = "<group>";
		};
		7A383A341BBFD93A00E29333 /* Shaders */ = {
			isa = PBXGroup;
			children = (
				497A95501EDECDB6004AA2CA /* water.vert */,
				49EBFAE41E3F1DE400503199 /* water.frag */,
				49EBFAE61E3FDD3300503199 /* terrain.frag */,
				7AE74B671C18B00800466559 /* spider_legs.geom */,
				7AF4B53F1D27B3D0008A5074 /* grass.frag */,
				7A370D901BD964E2000783CA /* grass.geom */,
			);
			name = Shaders;
			sourceTree = "<group>";
		};
		7AB0F2BD1BC07AB1009D85FD /* Model */ = {
			isa = PBXGroup;
			children = (
				493F8F121E475DF600D94AC1 /* Butterfly.cpp */,
				493F8F131E475DF600D94AC1 /* Butterfly.hpp */,
				7AB0F2BE1BC07B52009D85FD /* Spider.cpp */,
				7AB0F2BF1BC07B52009D85FD /* Spider.hpp */,
				7AB0F2C31BC25326009D85FD /* Terrain.cpp */,
				7AB0F2C41BC25326009D85FD /* Terrain.hpp */,
				490C324F1EA23E6C00AC12FF /* Firefly.cpp */,
				490C32501EA23E6C00AC12FF /* Firefly.hpp */,
				493F6D4A1F3304790086BC41 /* Grass.cpp */,
				493F6D4B1F3304790086BC41 /* Grass.hpp */,
				49035E801F370C2600F33117 /* Environment.cpp */,
				49035E811F370C2600F33117 /* Environment.hpp */,
				49035E831F370D8400F33117 /* TerrainPatch.cpp */,
				49035E841F370D8400F33117 /* TerrainPatch.hpp */,
			);
			name = Model;
			sourceTree = "<group>";
		};
		7AF9C41A1BEBEB12008AE5F5 /* Rendering */ = {
			isa = PBXGroup;
			children = (
				4900D18D1E0BBC4D00F92EBD /* Materials.h */,
			);
			name = Rendering;
			sourceTree = "<group>";
		};
/* End PBXGroup section */

/* Begin PBXNativeTarget section */
		7A383A1B1BBFB6AC00E29333 /* Spider */ = {
			isa = PBXNativeTarget;
			buildConfigurationList = 7A383A231BBFB6AC00E29333 /* Build configuration list for PBXNativeTarget "Spider" */;
			buildPhases = (
				7A383A181BBFB6AC00E29333 /* Sources */,
				7A383A191BBFB6AC00E29333 /* Frameworks */,
				7A383A1A1BBFB6AC00E29333 /* CopyFiles */,
			);
			buildRules = (
			);
			dependencies = (
			);
			name = Spider;
			productName = Spider;
			productReference = 7A383A1C1BBFB6AC00E29333 /* Spider */;
			productType = "com.apple.product-type.tool";
		};
/* End PBXNativeTarget section */

/* Begin PBXProject section */
		7A383A141BBFB6AC00E29333 /* Project object */ = {
			isa = PBXProject;
			attributes = {
				LastUpgradeCheck = 0810;
				ORGANIZATIONNAME = "Asger Nyman Christiansen";
				TargetAttributes = {
					7A383A1B1BBFB6AC00E29333 = {
						CreatedOnToolsVersion = 6.4;
					};
				};
			};
			buildConfigurationList = 7A383A171BBFB6AC00E29333 /* Build configuration list for PBXProject "Spider" */;
			compatibilityVersion = "Xcode 3.2";
			developmentRegion = English;
			hasScannedForEncodings = 0;
			knownRegions = (
				en,
			);
			mainGroup = 7A383A131BBFB6AC00E29333;
			productRefGroup = 7A383A1D1BBFB6AC00E29333 /* Products */;
			projectDirPath = "";
			projectRoot = "";
			targets = (
				7A383A1B1BBFB6AC00E29333 /* Spider */,
			);
		};
/* End PBXProject section */

/* Begin PBXSourcesBuildPhase section */
		7A383A181BBFB6AC00E29333 /* Sources */ = {
			isa = PBXSourcesBuildPhase;
			buildActionMask = 2147483647;
			files = (
				493F6D4C1F3304790086BC41 /* Grass.cpp in Sources */,
				493F8F141E475DF600D94AC1 /* Butterfly.cpp in Sources */,
				490C32511EA23E6C00AC12FF /* Firefly.cpp in Sources */,
				49035E851F370D8400F33117 /* TerrainPatch.cpp in Sources */,
				7A383A271BBFB6F700E29333 /* game.cpp in Sources */,
				7AB0F2C01BC07B52009D85FD /* Spider.cpp in Sources */,
				49035E821F370C2600F33117 /* Environment.cpp in Sources */,
				7AB0F2C51BC25326009D85FD /* Terrain.cpp in Sources */,
				49E3833C1E6A11240024D5D7 /* simplexnoise.cpp in Sources */,
			);
			runOnlyForDeploymentPostprocessing = 0;
		};
/* End PBXSourcesBuildPhase section */

/* Begin XCBuildConfiguration section */
		7A383A211BBFB6AC00E29333 /* Debug */ = {
			isa = XCBuildConfiguration;
			buildSettings = {
				ALWAYS_SEARCH_USER_PATHS = NO;
				CLANG_CXX_LANGUAGE_STANDARD = "gnu++0x";
				CLANG_CXX_LIBRARY = "libc++";
				CLANG_ENABLE_MODULES = YES;
				CLANG_ENABLE_OBJC_ARC = YES;
				CLANG_WARN_BOOL_CONVERSION = YES;
				CLANG_WARN_CONSTANT_CONVERSION = YES;
				CLANG_WARN_DIRECT_OBJC_ISA_USAGE = YES_ERROR;
				CLANG_WARN_EMPTY_BODY = YES;
				CLANG_WARN_ENUM_CONVERSION = YES;
				CLANG_WARN_INFINITE_RECURSION = YES;
				CLANG_WARN_INT_CONVERSION = YES;
				CLANG_WARN_OBJC_ROOT_CLASS = YES_ERROR;
				CLANG_WARN_SUSPICIOUS_MOVE = YES;
				CLANG_WARN_UNREACHABLE_CODE = YES;
				CLANG_WARN__DUPLICATE_METHOD_MATCH = YES;
				COPY_PHASE_STRIP = NO;
				DEBUG_INFORMATION_FORMAT = dwarf;
				ENABLE_STRICT_OBJC_MSGSEND = YES;
				ENABLE_TESTABILITY = YES;
				GCC_C_LANGUAGE_STANDARD = gnu99;
				GCC_DYNAMIC_NO_PIC = NO;
				GCC_NO_COMMON_BLOCKS = YES;
				GCC_OPTIMIZATION_LEVEL = 0;
				GCC_PREPROCESSOR_DEFINITIONS = (
					"DEBUG=1",
					"$(inherited)",
				);
				GCC_SYMBOLS_PRIVATE_EXTERN = NO;
				GCC_WARN_64_TO_32_BIT_CONVERSION = YES;
				GCC_WARN_ABOUT_RETURN_TYPE = YES_ERROR;
				GCC_WARN_UNDECLARED_SELECTOR = YES;
				GCC_WARN_UNINITIALIZED_AUTOS = YES_AGGRESSIVE;
				GCC_WARN_UNUSED_FUNCTION = YES;
				GCC_WARN_UNUSED_VARIABLE = YES;
				HEADER_SEARCH_PATHS = "";
				MACOSX_DEPLOYMENT_TARGET = 10.10;
				MTL_ENABLE_DEBUG_INFO = YES;
				ONLY_ACTIVE_ARCH = YES;
				SDKROOT = macosx;
			};
			name = Debug;
		};
		7A383A221BBFB6AC00E29333 /* Release */ = {
			isa = XCBuildConfiguration;
			buildSettings = {
				ALWAYS_SEARCH_USER_PATHS = NO;
				CLANG_CXX_LANGUAGE_STANDARD = "gnu++0x";
				CLANG_CXX_LIBRARY = "libc++";
				CLANG_ENABLE_MODULES = YES;
				CLANG_ENABLE_OBJC_ARC = YES;
				CLANG_WARN_BOOL_CONVERSION = YES;
				CLANG_WARN_CONSTANT_CONVERSION = YES;
				CLANG_WARN_DIRECT_OBJC_ISA_USAGE = YES_ERROR;
				CLANG_WARN_EMPTY_BODY = YES;
				CLANG_WARN_ENUM_CONVERSION = YES;
				CLANG_WARN_INFINITE_RECURSION = YES;
				CLANG_WARN_INT_CONVERSION = YES;
				CLANG_WARN_OBJC_ROOT_CLASS = YES_ERROR;
				CLANG_WARN_SUSPICIOUS_MOVE = YES;
				CLANG_WARN_UNREACHABLE_CODE = YES;
				CLANG_WARN__DUPLICATE_METHOD_MATCH = YES;
				COPY_PHASE_STRIP = NO;
				DEBUG_INFORMATION_FORMAT = "dwarf-with-dsym";
				ENABLE_NS_ASSERTIONS = NO;
				ENABLE_STRICT_OBJC_MSGSEND = YES;
				GCC_C_LANGUAGE_STANDARD = gnu99;
				GCC_NO_COMMON_BLOCKS = YES;
				GCC_WARN_64_TO_32_BIT_CONVERSION = YES;
				GCC_WARN_ABOUT_RETURN_TYPE = YES_ERROR;
				GCC_WARN_UNDECLARED_SELECTOR = YES;
				GCC_WARN_UNINITIALIZED_AUTOS = YES_AGGRESSIVE;
				GCC_WARN_UNUSED_FUNCTION = YES;
				GCC_WARN_UNUSED_VARIABLE = YES;
				HEADER_SEARCH_PATHS = "";
				MACOSX_DEPLOYMENT_TARGET = 10.10;
				MTL_ENABLE_DEBUG_INFO = NO;
				SDKROOT = macosx;
			};
			name = Release;
		};
		7A383A241BBFB6AC00E29333 /* Debug */ = {
			isa = XCBuildConfiguration;
			buildSettings = {
				FRAMEWORK_SEARCH_PATHS = (
					"$(inherited)",
					"$(LOCAL_LIBRARY_DIR)/Frameworks",
				);
				HEADER_SEARCH_PATHS = (
					/Library/Frameworks/SDL2.framework/Headers/,
					/Library/Frameworks/SDL2_image.framework/Headers/,
				);
				LIBRARY_SEARCH_PATHS = "";
				PRODUCT_NAME = "$(TARGET_NAME)";
				USER_HEADER_SEARCH_PATHS = "/usr/local/include/glm ./../Mesh/include/ ./../GLEngine/include/";
			};
			name = Debug;
		};
		7A383A251BBFB6AC00E29333 /* Release */ = {
			isa = XCBuildConfiguration;
			buildSettings = {
				FRAMEWORK_SEARCH_PATHS = (
					"$(inherited)",
					"$(LOCAL_LIBRARY_DIR)/Frameworks",
				);
				HEADER_SEARCH_PATHS = (
					/Library/Frameworks/SDL2.framework/Headers/,
					/Library/Frameworks/SDL2_image.framework/Headers/,
				);
				LIBRARY_SEARCH_PATHS = "";
				PRODUCT_NAME = "$(TARGET_NAME)";
				USER_HEADER_SEARCH_PATHS = "/usr/local/include/glm ./../Mesh/include/ ./../GLEngine/include/";
			};
			name = Release;
		};
/* End XCBuildConfiguration section */

/* Begin XCConfigurationList section */
		7A383A171BBFB6AC00E29333 /* Build configuration list for PBXProject "Spider" */ = {
			isa = XCConfigurationList;
			buildConfigurations = (
				7A383A211BBFB6AC00E29333 /* Debug */,
				7A383A221BBFB6AC00E29333 /* Release */,
			);
			defaultConfigurationIsVisible = 0;
			defaultConfigurationName = Release;
		};
		7A383A231BBFB6AC00E29333 /* Build configuration list for PBXNativeTarget "Spider" */ = {
			isa = XCConfigurationList;
			buildConfigurations = (
				7A383A241BBFB6AC00E29333 /* Debug */,
				7A383A251BBFB6AC00E29333 /* Release */,
			);
			defaultConfigurationIsVisible = 0;
			defaultConfigurationName = Release;
		};
/* End XCConfigurationList section */
	};
	rootObject = 7A383A141BBFB6AC00E29333 /* Project object */;
}
