// !$*UTF8*$!
{
	archiveVersion = 1;
	classes = {
	};
	objectVersion = 46;
	objects = {

/* Begin PBXBuildFile section */
		496B07AA1DF99EFC00CFBD10 /* OpenGL.framework in Frameworks */ = {isa = PBXBuildFile; fileRef = 496B07A91DF99EFC00CFBD10 /* OpenGL.framework */; };
		49BCF6931DF85F7E00A18A7E /* libglfw.dylib in Frameworks */ = {isa = PBXBuildFile; fileRef = 49BCF6921DF85F7E00A18A7E /* libglfw.dylib */; };
		49FFC5EF1DFB04DE007C0E7D /* Reader.cpp in Sources */ = {isa = PBXBuildFile; fileRef = 49FFC5ED1DFB04DE007C0E7D /* Reader.cpp */; };
		7A383A271BBFB6F700E29333 /* game.cpp in Sources */ = {isa = PBXBuildFile; fileRef = 7A383A261BBFB6F700E29333 /* game.cpp */; };
		7A383A331BBFCE5700E29333 /* View.cpp in Sources */ = {isa = PBXBuildFile; fileRef = 7A383A311BBFCE5700E29333 /* View.cpp */; };
		7A3895A91BEFB8AE00D6E095 /* Bitmap.cpp in Sources */ = {isa = PBXBuildFile; fileRef = 7A3895A51BEFB8AE00D6E095 /* Bitmap.cpp */; };
		7A70D0FE1BC6BEE8003E859B /* simplexnoise.cpp in Sources */ = {isa = PBXBuildFile; fileRef = 7A70D0FC1BC6BEE8003E859B /* simplexnoise.cpp */; };
		7AB0F2BC1BC07AA0009D85FD /* model.cpp in Sources */ = {isa = PBXBuildFile; fileRef = 7AB0F2BA1BC07AA0009D85FD /* model.cpp */; };
		7AB0F2C01BC07B52009D85FD /* spider.cpp in Sources */ = {isa = PBXBuildFile; fileRef = 7AB0F2BE1BC07B52009D85FD /* spider.cpp */; };
		7AB0F2C51BC25326009D85FD /* terrain.cpp in Sources */ = {isa = PBXBuildFile; fileRef = 7AB0F2C31BC25326009D85FD /* terrain.cpp */; };
		7AF9C4201BED491F008AE5F5 /* GLTexture.cpp in Sources */ = {isa = PBXBuildFile; fileRef = 7AF9C41E1BED491F008AE5F5 /* GLTexture.cpp */; };
/* End PBXBuildFile section */

/* Begin PBXCopyFilesBuildPhase section */
		7A383A1A1BBFB6AC00E29333 /* CopyFiles */ = {
			isa = PBXCopyFilesBuildPhase;
			buildActionMask = 2147483647;
			dstPath = /usr/share/man/man1/;
			dstSubfolderSpec = 0;
			files = (
			);
			runOnlyForDeploymentPostprocessing = 1;
		};
/* End PBXCopyFilesBuildPhase section */

/* Begin PBXFileReference section */
		496B07A91DF99EFC00CFBD10 /* OpenGL.framework */ = {isa = PBXFileReference; lastKnownFileType = wrapper.framework; name = OpenGL.framework; path = System/Library/Frameworks/OpenGL.framework; sourceTree = SDKROOT; };
		49BCF6921DF85F7E00A18A7E /* libglfw.dylib */ = {isa = PBXFileReference; lastKnownFileType = "compiled.mach-o.dylib"; name = libglfw.dylib; path = ../../../../opt/local/lib/libglfw.dylib; sourceTree = "<group>"; };
		49FFC5ED1DFB04DE007C0E7D /* Reader.cpp */ = {isa = PBXFileReference; fileEncoding = 4; lastKnownFileType = sourcecode.cpp.cpp; name = Reader.cpp; path = Readers/Reader.cpp; sourceTree = "<group>"; };
		49FFC5EE1DFB04DE007C0E7D /* Reader.hpp */ = {isa = PBXFileReference; fileEncoding = 4; lastKnownFileType = sourcecode.cpp.h; name = Reader.hpp; path = Readers/Reader.hpp; sourceTree = "<group>"; };
		7A2A093A1BF7EC04006285D0 /* skybox.frag */ = {isa = PBXFileReference; fileEncoding = 4; lastKnownFileType = sourcecode.glsl; name = skybox.frag; path = shaders/skybox.frag; sourceTree = "<group>"; };
		7A2A093B1BF7EC04006285D0 /* skybox.vert */ = {isa = PBXFileReference; fileEncoding = 4; lastKnownFileType = sourcecode.glsl; name = skybox.vert; path = shaders/skybox.vert; sourceTree = "<group>"; };
		7A3688311D6CCBDB00A55796 /* GLUniform.hpp */ = {isa = PBXFileReference; fileEncoding = 4; lastKnownFileType = sourcecode.cpp.h; name = GLUniform.hpp; path = GLWrapper/GLUniform.hpp; sourceTree = SOURCE_ROOT; };
		7A370D901BD964E2000783CA /* grass.geom */ = {isa = PBXFileReference; fileEncoding = 4; lastKnownFileType = sourcecode.glsl; name = grass.geom; path = shaders/grass.geom; sourceTree = "<group>"; };
		7A383A1C1BBFB6AC00E29333 /* Spider */ = {isa = PBXFileReference; explicitFileType = "compiled.mach-o.executable"; includeInIndex = 0; path = Spider; sourceTree = BUILT_PRODUCTS_DIR; };
		7A383A261BBFB6F700E29333 /* game.cpp */ = {isa = PBXFileReference; fileEncoding = 4; lastKnownFileType = sourcecode.cpp.cpp; name = game.cpp; path = source/game.cpp; sourceTree = "<group>"; };
		7A383A311BBFCE5700E29333 /* View.cpp */ = {isa = PBXFileReference; fileEncoding = 4; lastKnownFileType = sourcecode.cpp.cpp; name = View.cpp; path = source/View.cpp; sourceTree = "<group>"; };
		7A383A321BBFCE5700E29333 /* View.h */ = {isa = PBXFileReference; fileEncoding = 4; lastKnownFileType = sourcecode.c.h; name = View.h; path = source/View.h; sourceTree = "<group>"; };
		7A383A371BBFDC3300E29333 /* gouraud.vert */ = {isa = PBXFileReference; fileEncoding = 4; lastKnownFileType = sourcecode.glsl; name = gouraud.vert; path = shaders/gouraud.vert; sourceTree = "<group>"; };
		7A383A391BBFDC9F00E29333 /* gouraud.frag */ = {isa = PBXFileReference; fileEncoding = 4; lastKnownFileType = sourcecode.glsl; name = gouraud.frag; path = shaders/gouraud.frag; sourceTree = "<group>"; };
		7A38959D1BEE447B00D6E095 /* GLShader.hpp */ = {isa = PBXFileReference; fileEncoding = 4; lastKnownFileType = sourcecode.cpp.h; name = GLShader.hpp; path = GLWrapper/GLShader.hpp; sourceTree = SOURCE_ROOT; };
		7A38959F1BEE45F200D6E095 /* GLUtility.h */ = {isa = PBXFileReference; fileEncoding = 4; lastKnownFileType = sourcecode.c.h; name = GLUtility.h; path = GLWrapper/GLUtility.h; sourceTree = SOURCE_ROOT; };
		7A3895A11BEE471A00D6E095 /* GLObject.hpp */ = {isa = PBXFileReference; fileEncoding = 4; lastKnownFileType = sourcecode.cpp.h; name = GLObject.hpp; path = GLWrapper/GLObject.hpp; sourceTree = SOURCE_ROOT; };
		7A3895A31BEE659100D6E095 /* texture.frag */ = {isa = PBXFileReference; fileEncoding = 4; lastKnownFileType = sourcecode.glsl; name = texture.frag; path = shaders/texture.frag; sourceTree = "<group>"; };
		7A3895A41BEE65DB00D6E095 /* texture.vert */ = {isa = PBXFileReference; fileEncoding = 4; lastKnownFileType = sourcecode.glsl; name = texture.vert; path = shaders/texture.vert; sourceTree = "<group>"; };
		7A3895A51BEFB8AE00D6E095 /* Bitmap.cpp */ = {isa = PBXFileReference; fileEncoding = 4; lastKnownFileType = sourcecode.cpp.cpp; name = Bitmap.cpp; path = Readers/Bitmap.cpp; sourceTree = "<group>"; };
		7A3895A61BEFB8AE00D6E095 /* Bitmap.h */ = {isa = PBXFileReference; fileEncoding = 4; lastKnownFileType = sourcecode.c.h; name = Bitmap.h; path = Readers/Bitmap.h; sourceTree = "<group>"; };
		7A5252661D83F06F00BE9D1C /* particle.geom */ = {isa = PBXFileReference; fileEncoding = 4; lastKnownFileType = sourcecode.glsl; name = particle.geom; path = shaders/particle.geom; sourceTree = "<group>"; };
		7A5252671D83F6BC00BE9D1C /* fog.frag */ = {isa = PBXFileReference; fileEncoding = 4; lastKnownFileType = sourcecode.glsl; name = fog.frag; path = shaders/fog.frag; sourceTree = "<group>"; };
		7A5A4F8E1D4D309000189B8C /* GLScene.hpp */ = {isa = PBXFileReference; fileEncoding = 4; lastKnownFileType = sourcecode.cpp.h; name = GLScene.hpp; path = GLWrapper/GLScene.hpp; sourceTree = SOURCE_ROOT; };
		7A70D0F11BC5BF19003E859B /* flat.geom */ = {isa = PBXFileReference; lastKnownFileType = sourcecode.glsl; name = flat.geom; path = shaders/flat.geom; sourceTree = "<group>"; };
		7A70D0F81BC68BAA003E859B /* GLCamera.hpp */ = {isa = PBXFileReference; fileEncoding = 4; lastKnownFileType = sourcecode.cpp.h; name = GLCamera.hpp; path = GLWrapper/GLCamera.hpp; sourceTree = SOURCE_ROOT; };
		7A70D0FC1BC6BEE8003E859B /* simplexnoise.cpp */ = {isa = PBXFileReference; fileEncoding = 4; lastKnownFileType = sourcecode.cpp.cpp; path = simplexnoise.cpp; sourceTree = "<group>"; };
		7A70D0FD1BC6BEE8003E859B /* simplexnoise.h */ = {isa = PBXFileReference; fileEncoding = 4; lastKnownFileType = sourcecode.c.h; path = simplexnoise.h; sourceTree = "<group>"; };
		7AB0F2BA1BC07AA0009D85FD /* model.cpp */ = {isa = PBXFileReference; fileEncoding = 4; lastKnownFileType = sourcecode.cpp.cpp; name = model.cpp; path = source/model.cpp; sourceTree = "<group>"; };
		7AB0F2BB1BC07AA0009D85FD /* model.hpp */ = {isa = PBXFileReference; fileEncoding = 4; lastKnownFileType = sourcecode.cpp.h; name = model.hpp; path = source/model.hpp; sourceTree = "<group>"; };
		7AB0F2BE1BC07B52009D85FD /* spider.cpp */ = {isa = PBXFileReference; fileEncoding = 4; lastKnownFileType = sourcecode.cpp.cpp; name = spider.cpp; path = source/spider.cpp; sourceTree = "<group>"; };
		7AB0F2BF1BC07B52009D85FD /* spider.hpp */ = {isa = PBXFileReference; fileEncoding = 4; lastKnownFileType = sourcecode.cpp.h; name = spider.hpp; path = source/spider.hpp; sourceTree = "<group>"; };
		7AB0F2C11BC2497F009D85FD /* phong.frag */ = {isa = PBXFileReference; lastKnownFileType = sourcecode.glsl; name = phong.frag; path = shaders/phong.frag; sourceTree = "<group>"; };
		7AB0F2C21BC2497F009D85FD /* phong.vert */ = {isa = PBXFileReference; lastKnownFileType = sourcecode.glsl; name = phong.vert; path = shaders/phong.vert; sourceTree = "<group>"; };
		7AB0F2C31BC25326009D85FD /* terrain.cpp */ = {isa = PBXFileReference; fileEncoding = 4; lastKnownFileType = sourcecode.cpp.cpp; name = terrain.cpp; path = source/terrain.cpp; sourceTree = "<group>"; };
		7AB0F2C41BC25326009D85FD /* terrain.hpp */ = {isa = PBXFileReference; fileEncoding = 4; lastKnownFileType = sourcecode.cpp.h; name = terrain.hpp; path = source/terrain.hpp; sourceTree = "<group>"; };
		7AB0F2C61BC28EEB009D85FD /* terrain.geom */ = {isa = PBXFileReference; lastKnownFileType = sourcecode.glsl; name = terrain.geom; path = shaders/terrain.geom; sourceTree = "<group>"; };
		7AB0F2C71BC28EEB009D85FD /* pre_geom.vert */ = {isa = PBXFileReference; lastKnownFileType = sourcecode.glsl; name = pre_geom.vert; path = shaders/pre_geom.vert; sourceTree = "<group>"; };
		7AB139191D5A6B0B007BD188 /* GLVertexAttribute.hpp */ = {isa = PBXFileReference; fileEncoding = 4; lastKnownFileType = sourcecode.cpp.h; name = GLVertexAttribute.hpp; path = GLWrapper/GLVertexAttribute.hpp; sourceTree = SOURCE_ROOT; };
		7AB664E91D49434C00C71CEE /* GLMaterial.hpp */ = {isa = PBXFileReference; fileEncoding = 4; lastKnownFileType = sourcecode.cpp.h; name = GLMaterial.hpp; path = GLWrapper/GLMaterial.hpp; sourceTree = SOURCE_ROOT; };
		7ABC06551D8423A800D259E8 /* fog.vert */ = {isa = PBXFileReference; fileEncoding = 4; lastKnownFileType = sourcecode.glsl; name = fog.vert; path = shaders/fog.vert; sourceTree = "<group>"; };
		7AE74B671C18B00800466559 /* spider_legs.geom */ = {isa = PBXFileReference; fileEncoding = 4; lastKnownFileType = sourcecode.glsl; name = spider_legs.geom; path = shaders/spider_legs.geom; sourceTree = "<group>"; };
		7AF4B53F1D27B3D0008A5074 /* grass.frag */ = {isa = PBXFileReference; fileEncoding = 4; lastKnownFileType = sourcecode.glsl; name = grass.frag; path = shaders/grass.frag; sourceTree = "<group>"; };
		7AF9C41E1BED491F008AE5F5 /* GLTexture.cpp */ = {isa = PBXFileReference; fileEncoding = 4; lastKnownFileType = sourcecode.cpp.cpp; name = GLTexture.cpp; path = GLWrapper/GLTexture.cpp; sourceTree = SOURCE_ROOT; };
		7AF9C41F1BED491F008AE5F5 /* GLTexture.hpp */ = {isa = PBXFileReference; fileEncoding = 4; lastKnownFileType = sourcecode.cpp.h; name = GLTexture.hpp; path = GLWrapper/GLTexture.hpp; sourceTree = SOURCE_ROOT; };
/* End PBXFileReference section */

/* Begin PBXFrameworksBuildPhase section */
		7A383A191BBFB6AC00E29333 /* Frameworks */ = {
			isa = PBXFrameworksBuildPhase;
			buildActionMask = 2147483647;
			files = (
				496B07AA1DF99EFC00CFBD10 /* OpenGL.framework in Frameworks */,
				49BCF6931DF85F7E00A18A7E /* libglfw.dylib in Frameworks */,
			);
			runOnlyForDeploymentPostprocessing = 0;
		};
/* End PBXFrameworksBuildPhase section */

/* Begin PBXGroup section */
		496B07A31DF8833200CFBD10 /* Frameworks */ = {
			isa = PBXGroup;
			children = (
				496B07A91DF99EFC00CFBD10 /* OpenGL.framework */,
			);
			name = Frameworks;
			sourceTree = "<group>";
		};
		7A383A131BBFB6AC00E29333 = {
			isa = PBXGroup;
			children = (
				49BCF6921DF85F7E00A18A7E /* libglfw.dylib */,
				7A383A341BBFD93A00E29333 /* Shaders */,
				7A70D0FB1BC6BEE8003E859B /* SimplexNoise */,
				7AF9C41A1BEBEB12008AE5F5 /* Readers */,
				7A70D0F31BC68B1B003E859B /* GLWrapper */,
				7A383A281BBFB6FC00E29333 /* View */,
				7AB0F2BD1BC07AB1009D85FD /* Model */,
				7A383A261BBFB6F700E29333 /* game.cpp */,
				7A383A1D1BBFB6AC00E29333 /* Products */,
				496B07A31DF8833200CFBD10 /* Frameworks */,
			);
			sourceTree = "<group>";
		};
		7A383A1D1BBFB6AC00E29333 /* Products */ = {
			isa = PBXGroup;
			children = (
				7A383A1C1BBFB6AC00E29333 /* Spider */,
			);
			name = Products;
			sourceTree = "<group>";
		};
		7A383A281BBFB6FC00E29333 /* View */ = {
			isa = PBXGroup;
			children = (
				7A383A311BBFCE5700E29333 /* View.cpp */,
				7A383A321BBFCE5700E29333 /* View.h */,
			);
			name = View;
			sourceTree = "<group>";
		};
		7A383A341BBFD93A00E29333 /* Shaders */ = {
			isa = PBXGroup;
			children = (
				7ABC06551D8423A800D259E8 /* fog.vert */,
				7A5252671D83F6BC00BE9D1C /* fog.frag */,
				7A5252661D83F06F00BE9D1C /* particle.geom */,
				7AE74B671C18B00800466559 /* spider_legs.geom */,
				7A2A093A1BF7EC04006285D0 /* skybox.frag */,
				7A2A093B1BF7EC04006285D0 /* skybox.vert */,
				7A3895A41BEE65DB00D6E095 /* texture.vert */,
				7A3895A31BEE659100D6E095 /* texture.frag */,
				7AF4B53F1D27B3D0008A5074 /* grass.frag */,
				7A370D901BD964E2000783CA /* grass.geom */,
				7A70D0F11BC5BF19003E859B /* flat.geom */,
				7AB0F2C61BC28EEB009D85FD /* terrain.geom */,
				7AB0F2C71BC28EEB009D85FD /* pre_geom.vert */,
				7AB0F2C11BC2497F009D85FD /* phong.frag */,
				7AB0F2C21BC2497F009D85FD /* phong.vert */,
				7A383A391BBFDC9F00E29333 /* gouraud.frag */,
				7A383A371BBFDC3300E29333 /* gouraud.vert */,
			);
			name = Shaders;
			sourceTree = "<group>";
		};
		7A70D0F31BC68B1B003E859B /* GLWrapper */ = {
			isa = PBXGroup;
			children = (
				7A70D0F81BC68BAA003E859B /* GLCamera.hpp */,
				7AF9C41E1BED491F008AE5F5 /* GLTexture.cpp */,
				7AF9C41F1BED491F008AE5F5 /* GLTexture.hpp */,
				7A38959D1BEE447B00D6E095 /* GLShader.hpp */,
				7AB664E91D49434C00C71CEE /* GLMaterial.hpp */,
				7A3895A11BEE471A00D6E095 /* GLObject.hpp */,
				7A38959F1BEE45F200D6E095 /* GLUtility.h */,
				7A5A4F8E1D4D309000189B8C /* GLScene.hpp */,
				7AB139191D5A6B0B007BD188 /* GLVertexAttribute.hpp */,
				7A3688311D6CCBDB00A55796 /* GLUniform.hpp */,
			);
			name = GLWrapper;
			path = ../GLWrapper;
			sourceTree = "<group>";
		};
		7A70D0FB1BC6BEE8003E859B /* SimplexNoise */ = {
			isa = PBXGroup;
			children = (
				7A70D0FC1BC6BEE8003E859B /* simplexnoise.cpp */,
				7A70D0FD1BC6BEE8003E859B /* simplexnoise.h */,
			);
			path = SimplexNoise;
			sourceTree = "<group>";
		};
		7AB0F2BD1BC07AB1009D85FD /* Model */ = {
			isa = PBXGroup;
			children = (
				7AB0F2BA1BC07AA0009D85FD /* model.cpp */,
				7AB0F2BB1BC07AA0009D85FD /* model.hpp */,
				7AB0F2BE1BC07B52009D85FD /* spider.cpp */,
				7AB0F2BF1BC07B52009D85FD /* spider.hpp */,
				7AB0F2C31BC25326009D85FD /* terrain.cpp */,
				7AB0F2C41BC25326009D85FD /* terrain.hpp */,
			);
			name = Model;
			sourceTree = "<group>";
		};
		7AF9C41A1BEBEB12008AE5F5 /* Readers */ = {
			isa = PBXGroup;
			children = (
				49FFC5ED1DFB04DE007C0E7D /* Reader.cpp */,
				49FFC5EE1DFB04DE007C0E7D /* Reader.hpp */,
				7A3895A51BEFB8AE00D6E095 /* Bitmap.cpp */,
				7A3895A61BEFB8AE00D6E095 /* Bitmap.h */,
			);
			name = Readers;
			sourceTree = "<group>";
		};
/* End PBXGroup section */

/* Begin PBXNativeTarget section */
		7A383A1B1BBFB6AC00E29333 /* Spider */ = {
			isa = PBXNativeTarget;
			buildConfigurationList = 7A383A231BBFB6AC00E29333 /* Build configuration list for PBXNativeTarget "Spider" */;
			buildPhases = (
				7A383A181BBFB6AC00E29333 /* Sources */,
				7A383A191BBFB6AC00E29333 /* Frameworks */,
				7A383A1A1BBFB6AC00E29333 /* CopyFiles */,
			);
			buildRules = (
			);
			dependencies = (
			);
			name = Spider;
			productName = Spider;
			productReference = 7A383A1C1BBFB6AC00E29333 /* Spider */;
			productType = "com.apple.product-type.tool";
		};
/* End PBXNativeTarget section */

/* Begin PBXProject section */
		7A383A141BBFB6AC00E29333 /* Project object */ = {
			isa = PBXProject;
			attributes = {
				LastUpgradeCheck = 0810;
				ORGANIZATIONNAME = "Asger Nyman Christiansen";
				TargetAttributes = {
					7A383A1B1BBFB6AC00E29333 = {
						CreatedOnToolsVersion = 6.4;
					};
				};
			};
			buildConfigurationList = 7A383A171BBFB6AC00E29333 /* Build configuration list for PBXProject "Spider" */;
			compatibilityVersion = "Xcode 3.2";
			developmentRegion = English;
			hasScannedForEncodings = 0;
			knownRegions = (
				en,
			);
			mainGroup = 7A383A131BBFB6AC00E29333;
			productRefGroup = 7A383A1D1BBFB6AC00E29333 /* Products */;
			projectDirPath = "";
			projectRoot = "";
			targets = (
				7A383A1B1BBFB6AC00E29333 /* Spider */,
			);
		};
/* End PBXProject section */

/* Begin PBXSourcesBuildPhase section */
		7A383A181BBFB6AC00E29333 /* Sources */ = {
			isa = PBXSourcesBuildPhase;
			buildActionMask = 2147483647;
			files = (
				7A383A331BBFCE5700E29333 /* View.cpp in Sources */,
				7A383A271BBFB6F700E29333 /* game.cpp in Sources */,
				7AF9C4201BED491F008AE5F5 /* GLTexture.cpp in Sources */,
				7A3895A91BEFB8AE00D6E095 /* Bitmap.cpp in Sources */,
				7AB0F2BC1BC07AA0009D85FD /* model.cpp in Sources */,
				7AB0F2C01BC07B52009D85FD /* spider.cpp in Sources */,
				7AB0F2C51BC25326009D85FD /* terrain.cpp in Sources */,
				49FFC5EF1DFB04DE007C0E7D /* Reader.cpp in Sources */,
				7A70D0FE1BC6BEE8003E859B /* simplexnoise.cpp in Sources */,
			);
			runOnlyForDeploymentPostprocessing = 0;
		};
/* End PBXSourcesBuildPhase section */

/* Begin XCBuildConfiguration section */
		7A383A211BBFB6AC00E29333 /* Debug */ = {
			isa = XCBuildConfiguration;
			buildSettings = {
				ALWAYS_SEARCH_USER_PATHS = NO;
				CLANG_CXX_LANGUAGE_STANDARD = "gnu++0x";
				CLANG_CXX_LIBRARY = "libc++";
				CLANG_ENABLE_MODULES = YES;
				CLANG_ENABLE_OBJC_ARC = YES;
				CLANG_WARN_BOOL_CONVERSION = YES;
				CLANG_WARN_CONSTANT_CONVERSION = YES;
				CLANG_WARN_DIRECT_OBJC_ISA_USAGE = YES_ERROR;
				CLANG_WARN_EMPTY_BODY = YES;
				CLANG_WARN_ENUM_CONVERSION = YES;
				CLANG_WARN_INFINITE_RECURSION = YES;
				CLANG_WARN_INT_CONVERSION = YES;
				CLANG_WARN_OBJC_ROOT_CLASS = YES_ERROR;
				CLANG_WARN_SUSPICIOUS_MOVE = YES;
				CLANG_WARN_UNREACHABLE_CODE = YES;
				CLANG_WARN__DUPLICATE_METHOD_MATCH = YES;
				COPY_PHASE_STRIP = NO;
				DEBUG_INFORMATION_FORMAT = dwarf;
				ENABLE_STRICT_OBJC_MSGSEND = YES;
				ENABLE_TESTABILITY = YES;
				GCC_C_LANGUAGE_STANDARD = gnu99;
				GCC_DYNAMIC_NO_PIC = NO;
				GCC_NO_COMMON_BLOCKS = YES;
				GCC_OPTIMIZATION_LEVEL = 0;
				GCC_PREPROCESSOR_DEFINITIONS = (
					"DEBUG=1",
					"$(inherited)",
				);
				GCC_SYMBOLS_PRIVATE_EXTERN = NO;
				GCC_WARN_64_TO_32_BIT_CONVERSION = YES;
				GCC_WARN_ABOUT_RETURN_TYPE = YES_ERROR;
				GCC_WARN_UNDECLARED_SELECTOR = YES;
				GCC_WARN_UNINITIALIZED_AUTOS = YES_AGGRESSIVE;
				GCC_WARN_UNUSED_FUNCTION = YES;
				GCC_WARN_UNUSED_VARIABLE = YES;
				HEADER_SEARCH_PATHS = "";
				MACOSX_DEPLOYMENT_TARGET = 10.10;
				MTL_ENABLE_DEBUG_INFO = YES;
				ONLY_ACTIVE_ARCH = YES;
				SDKROOT = macosx;
			};
			name = Debug;
		};
		7A383A221BBFB6AC00E29333 /* Release */ = {
			isa = XCBuildConfiguration;
			buildSettings = {
				ALWAYS_SEARCH_USER_PATHS = NO;
				CLANG_CXX_LANGUAGE_STANDARD = "gnu++0x";
				CLANG_CXX_LIBRARY = "libc++";
				CLANG_ENABLE_MODULES = YES;
				CLANG_ENABLE_OBJC_ARC = YES;
				CLANG_WARN_BOOL_CONVERSION = YES;
				CLANG_WARN_CONSTANT_CONVERSION = YES;
				CLANG_WARN_DIRECT_OBJC_ISA_USAGE = YES_ERROR;
				CLANG_WARN_EMPTY_BODY = YES;
				CLANG_WARN_ENUM_CONVERSION = YES;
				CLANG_WARN_INFINITE_RECURSION = YES;
				CLANG_WARN_INT_CONVERSION = YES;
				CLANG_WARN_OBJC_ROOT_CLASS = YES_ERROR;
				CLANG_WARN_SUSPICIOUS_MOVE = YES;
				CLANG_WARN_UNREACHABLE_CODE = YES;
				CLANG_WARN__DUPLICATE_METHOD_MATCH = YES;
				COPY_PHASE_STRIP = NO;
				DEBUG_INFORMATION_FORMAT = "dwarf-with-dsym";
				ENABLE_NS_ASSERTIONS = NO;
				ENABLE_STRICT_OBJC_MSGSEND = YES;
				GCC_C_LANGUAGE_STANDARD = gnu99;
				GCC_NO_COMMON_BLOCKS = YES;
				GCC_WARN_64_TO_32_BIT_CONVERSION = YES;
				GCC_WARN_ABOUT_RETURN_TYPE = YES_ERROR;
				GCC_WARN_UNDECLARED_SELECTOR = YES;
				GCC_WARN_UNINITIALIZED_AUTOS = YES_AGGRESSIVE;
				GCC_WARN_UNUSED_FUNCTION = YES;
				GCC_WARN_UNUSED_VARIABLE = YES;
				HEADER_SEARCH_PATHS = "";
				MACOSX_DEPLOYMENT_TARGET = 10.10;
				MTL_ENABLE_DEBUG_INFO = NO;
				SDKROOT = macosx;
			};
			name = Release;
		};
		7A383A241BBFB6AC00E29333 /* Debug */ = {
			isa = XCBuildConfiguration;
			buildSettings = {
				HEADER_SEARCH_PATHS = /usr/local/include;
				LIBRARY_SEARCH_PATHS = (
					/usr/local/lib,
					/opt/local/lib,
				);
				PRODUCT_NAME = "$(TARGET_NAME)";
				USER_HEADER_SEARCH_PATHS = "/usr/local/include/glm /opt/local/include/GLFW ./../Mesh/";
			};
			name = Debug;
		};
		7A383A251BBFB6AC00E29333 /* Release */ = {
			isa = XCBuildConfiguration;
			buildSettings = {
				HEADER_SEARCH_PATHS = /usr/local/include;
				LIBRARY_SEARCH_PATHS = (
					/usr/local/lib,
					/opt/local/lib,
				);
				PRODUCT_NAME = "$(TARGET_NAME)";
				USER_HEADER_SEARCH_PATHS = "/usr/local/include/glm /opt/local/include/GLFW ./../Mesh/";
			};
			name = Release;
		};
/* End XCBuildConfiguration section */

/* Begin XCConfigurationList section */
		7A383A171BBFB6AC00E29333 /* Build configuration list for PBXProject "Spider" */ = {
			isa = XCConfigurationList;
			buildConfigurations = (
				7A383A211BBFB6AC00E29333 /* Debug */,
				7A383A221BBFB6AC00E29333 /* Release */,
			);
			defaultConfigurationIsVisible = 0;
			defaultConfigurationName = Release;
		};
		7A383A231BBFB6AC00E29333 /* Build configuration list for PBXNativeTarget "Spider" */ = {
			isa = XCConfigurationList;
			buildConfigurations = (
				7A383A241BBFB6AC00E29333 /* Debug */,
				7A383A251BBFB6AC00E29333 /* Release */,
			);
			defaultConfigurationIsVisible = 0;
			defaultConfigurationName = Release;
		};
/* End XCConfigurationList section */
	};
	rootObject = 7A383A141BBFB6AC00E29333 /* Project object */;
}
