// !$*UTF8*$!
{
	archiveVersion = 1;
	classes = {
	};
	objectVersion = 46;
	objects = {

/* Begin PBXBuildFile section */
		7A383A271BBFB6F700E29333 /* game.cpp in Sources */ = {isa = PBXBuildFile; fileRef = 7A383A261BBFB6F700E29333 /* game.cpp */; };
		7A383A2E1BBFBB1700E29333 /* OpenGL.framework in Frameworks */ = {isa = PBXBuildFile; fileRef = 7A383A2D1BBFBB1700E29333 /* OpenGL.framework */; };
		7A383A301BBFBB3300E29333 /* GLUT.framework in Frameworks */ = {isa = PBXBuildFile; fileRef = 7A383A2F1BBFBB3300E29333 /* GLUT.framework */; };
		7A383A331BBFCE5700E29333 /* View.cpp in Sources */ = {isa = PBXBuildFile; fileRef = 7A383A311BBFCE5700E29333 /* View.cpp */; };
		7A70D0F91BC68BAA003E859B /* GLWrapper.cpp in Sources */ = {isa = PBXBuildFile; fileRef = 7A70D0F71BC68BAA003E859B /* GLWrapper.cpp */; settings = {ASSET_TAGS = (); }; };
		7AB0F2BC1BC07AA0009D85FD /* model.cpp in Sources */ = {isa = PBXBuildFile; fileRef = 7AB0F2BA1BC07AA0009D85FD /* model.cpp */; settings = {ASSET_TAGS = (); }; };
		7AB0F2C01BC07B52009D85FD /* spider.cpp in Sources */ = {isa = PBXBuildFile; fileRef = 7AB0F2BE1BC07B52009D85FD /* spider.cpp */; settings = {ASSET_TAGS = (); }; };
		7AB0F2C51BC25326009D85FD /* terrain.cpp in Sources */ = {isa = PBXBuildFile; fileRef = 7AB0F2C31BC25326009D85FD /* terrain.cpp */; settings = {ASSET_TAGS = (); }; };
/* End PBXBuildFile section */

/* Begin PBXCopyFilesBuildPhase section */
		7A383A1A1BBFB6AC00E29333 /* CopyFiles */ = {
			isa = PBXCopyFilesBuildPhase;
			buildActionMask = 2147483647;
			dstPath = /usr/share/man/man1/;
			dstSubfolderSpec = 0;
			files = (
			);
			runOnlyForDeploymentPostprocessing = 1;
		};
/* End PBXCopyFilesBuildPhase section */

/* Begin PBXFileReference section */
		7A383A1C1BBFB6AC00E29333 /* Spider */ = {isa = PBXFileReference; explicitFileType = "compiled.mach-o.executable"; includeInIndex = 0; path = Spider; sourceTree = BUILT_PRODUCTS_DIR; };
		7A383A261BBFB6F700E29333 /* game.cpp */ = {isa = PBXFileReference; fileEncoding = 4; lastKnownFileType = sourcecode.cpp.cpp; name = game.cpp; path = source/game.cpp; sourceTree = "<group>"; };
		7A383A2D1BBFBB1700E29333 /* OpenGL.framework */ = {isa = PBXFileReference; lastKnownFileType = wrapper.framework; name = OpenGL.framework; path = System/Library/Frameworks/OpenGL.framework; sourceTree = SDKROOT; };
		7A383A2F1BBFBB3300E29333 /* GLUT.framework */ = {isa = PBXFileReference; lastKnownFileType = wrapper.framework; name = GLUT.framework; path = System/Library/Frameworks/GLUT.framework; sourceTree = SDKROOT; };
		7A383A311BBFCE5700E29333 /* View.cpp */ = {isa = PBXFileReference; fileEncoding = 4; lastKnownFileType = sourcecode.cpp.cpp; name = View.cpp; path = source/View.cpp; sourceTree = "<group>"; };
		7A383A321BBFCE5700E29333 /* View.h */ = {isa = PBXFileReference; fileEncoding = 4; lastKnownFileType = sourcecode.c.h; name = View.h; path = source/View.h; sourceTree = "<group>"; };
		7A383A371BBFDC3300E29333 /* gouraud.vert */ = {isa = PBXFileReference; fileEncoding = 4; lastKnownFileType = sourcecode.glsl; name = gouraud.vert; path = shaders/gouraud.vert; sourceTree = "<group>"; };
		7A383A391BBFDC9F00E29333 /* gouraud.frag */ = {isa = PBXFileReference; fileEncoding = 4; lastKnownFileType = sourcecode.glsl; name = gouraud.frag; path = shaders/gouraud.frag; sourceTree = "<group>"; };
		7A70D0F11BC5BF19003E859B /* fastphong.geom */ = {isa = PBXFileReference; lastKnownFileType = sourcecode.glsl; name = fastphong.geom; path = shaders/fastphong.geom; sourceTree = "<group>"; };
		7A70D0F21BC5BF19003E859B /* fastphong.vert */ = {isa = PBXFileReference; lastKnownFileType = sourcecode.glsl; name = fastphong.vert; path = shaders/fastphong.vert; sourceTree = "<group>"; };
		7A70D0F71BC68BAA003E859B /* GLWrapper.cpp */ = {isa = PBXFileReference; fileEncoding = 4; lastKnownFileType = sourcecode.cpp.cpp; name = GLWrapper.cpp; path = GLWrapper/GLWrapper.cpp; sourceTree = SOURCE_ROOT; };
		7A70D0F81BC68BAA003E859B /* GLWrapper.h */ = {isa = PBXFileReference; fileEncoding = 4; lastKnownFileType = sourcecode.c.h; name = GLWrapper.h; path = GLWrapper/GLWrapper.h; sourceTree = SOURCE_ROOT; };
		7AB0F2BA1BC07AA0009D85FD /* model.cpp */ = {isa = PBXFileReference; fileEncoding = 4; lastKnownFileType = sourcecode.cpp.cpp; name = model.cpp; path = source/model.cpp; sourceTree = "<group>"; };
		7AB0F2BB1BC07AA0009D85FD /* model.hpp */ = {isa = PBXFileReference; fileEncoding = 4; lastKnownFileType = sourcecode.cpp.h; name = model.hpp; path = source/model.hpp; sourceTree = "<group>"; };
		7AB0F2BE1BC07B52009D85FD /* spider.cpp */ = {isa = PBXFileReference; fileEncoding = 4; lastKnownFileType = sourcecode.cpp.cpp; name = spider.cpp; path = source/spider.cpp; sourceTree = "<group>"; };
		7AB0F2BF1BC07B52009D85FD /* spider.hpp */ = {isa = PBXFileReference; fileEncoding = 4; lastKnownFileType = sourcecode.cpp.h; name = spider.hpp; path = source/spider.hpp; sourceTree = "<group>"; };
		7AB0F2C11BC2497F009D85FD /* phong.frag */ = {isa = PBXFileReference; lastKnownFileType = sourcecode.glsl; name = phong.frag; path = shaders/phong.frag; sourceTree = "<group>"; };
		7AB0F2C21BC2497F009D85FD /* phong.vert */ = {isa = PBXFileReference; lastKnownFileType = sourcecode.glsl; name = phong.vert; path = shaders/phong.vert; sourceTree = "<group>"; };
		7AB0F2C31BC25326009D85FD /* terrain.cpp */ = {isa = PBXFileReference; fileEncoding = 4; lastKnownFileType = sourcecode.cpp.cpp; name = terrain.cpp; path = source/terrain.cpp; sourceTree = "<group>"; };
		7AB0F2C41BC25326009D85FD /* terrain.hpp */ = {isa = PBXFileReference; fileEncoding = 4; lastKnownFileType = sourcecode.cpp.h; name = terrain.hpp; path = source/terrain.hpp; sourceTree = "<group>"; };
		7AB0F2C61BC28EEB009D85FD /* terrain.geom */ = {isa = PBXFileReference; lastKnownFileType = sourcecode.glsl; name = terrain.geom; path = shaders/terrain.geom; sourceTree = "<group>"; };
		7AB0F2C71BC28EEB009D85FD /* terrain.vert */ = {isa = PBXFileReference; lastKnownFileType = sourcecode.glsl; name = terrain.vert; path = shaders/terrain.vert; sourceTree = "<group>"; };
/* End PBXFileReference section */

/* Begin PBXFrameworksBuildPhase section */
		7A383A191BBFB6AC00E29333 /* Frameworks */ = {
			isa = PBXFrameworksBuildPhase;
			buildActionMask = 2147483647;
			files = (
				7A383A301BBFBB3300E29333 /* GLUT.framework in Frameworks */,
				7A383A2E1BBFBB1700E29333 /* OpenGL.framework in Frameworks */,
			);
			runOnlyForDeploymentPostprocessing = 0;
		};
/* End PBXFrameworksBuildPhase section */

/* Begin PBXGroup section */
		7A383A131BBFB6AC00E29333 = {
			isa = PBXGroup;
			children = (
				7A70D0F31BC68B1B003E859B /* GLWrapper */,
				7A383A341BBFD93A00E29333 /* Shaders */,
				7A383A2F1BBFBB3300E29333 /* GLUT.framework */,
				7A383A2D1BBFBB1700E29333 /* OpenGL.framework */,
				7A383A281BBFB6FC00E29333 /* View */,
				7AB0F2BD1BC07AB1009D85FD /* Model */,
				7A383A261BBFB6F700E29333 /* game.cpp */,
				7A383A1D1BBFB6AC00E29333 /* Products */,
			);
			sourceTree = "<group>";
		};
		7A383A1D1BBFB6AC00E29333 /* Products */ = {
			isa = PBXGroup;
			children = (
				7A383A1C1BBFB6AC00E29333 /* Spider */,
			);
			name = Products;
			sourceTree = "<group>";
		};
		7A383A281BBFB6FC00E29333 /* View */ = {
			isa = PBXGroup;
			children = (
				7A383A311BBFCE5700E29333 /* View.cpp */,
				7A383A321BBFCE5700E29333 /* View.h */,
			);
			name = View;
			sourceTree = "<group>";
		};
		7A383A341BBFD93A00E29333 /* Shaders */ = {
			isa = PBXGroup;
			children = (
				7A70D0F11BC5BF19003E859B /* fastphong.geom */,
				7A70D0F21BC5BF19003E859B /* fastphong.vert */,
				7AB0F2C61BC28EEB009D85FD /* terrain.geom */,
				7AB0F2C71BC28EEB009D85FD /* terrain.vert */,
				7AB0F2C11BC2497F009D85FD /* phong.frag */,
				7AB0F2C21BC2497F009D85FD /* phong.vert */,
				7A383A391BBFDC9F00E29333 /* gouraud.frag */,
				7A383A371BBFDC3300E29333 /* gouraud.vert */,
			);
			name = Shaders;
			sourceTree = "<group>";
		};
		7A70D0F31BC68B1B003E859B /* GLWrapper */ = {
			isa = PBXGroup;
			children = (
				7A70D0F71BC68BAA003E859B /* GLWrapper.cpp */,
				7A70D0F81BC68BAA003E859B /* GLWrapper.h */,
			);
			name = GLWrapper;
			path = ../GLWrapper;
			sourceTree = "<group>";
		};
		7AB0F2BD1BC07AB1009D85FD /* Model */ = {
			isa = PBXGroup;
			children = (
				7AB0F2BA1BC07AA0009D85FD /* model.cpp */,
				7AB0F2BB1BC07AA0009D85FD /* model.hpp */,
				7AB0F2BE1BC07B52009D85FD /* spider.cpp */,
				7AB0F2BF1BC07B52009D85FD /* spider.hpp */,
				7AB0F2C31BC25326009D85FD /* terrain.cpp */,
				7AB0F2C41BC25326009D85FD /* terrain.hpp */,
			);
			name = Model;
			sourceTree = "<group>";
		};
/* End PBXGroup section */

/* Begin PBXNativeTarget section */
		7A383A1B1BBFB6AC00E29333 /* Spider */ = {
			isa = PBXNativeTarget;
			buildConfigurationList = 7A383A231BBFB6AC00E29333 /* Build configuration list for PBXNativeTarget "Spider" */;
			buildPhases = (
				7A383A181BBFB6AC00E29333 /* Sources */,
				7A383A191BBFB6AC00E29333 /* Frameworks */,
				7A383A1A1BBFB6AC00E29333 /* CopyFiles */,
			);
			buildRules = (
			);
			dependencies = (
			);
			name = Spider;
			productName = Spider;
			productReference = 7A383A1C1BBFB6AC00E29333 /* Spider */;
			productType = "com.apple.product-type.tool";
		};
/* End PBXNativeTarget section */

/* Begin PBXProject section */
		7A383A141BBFB6AC00E29333 /* Project object */ = {
			isa = PBXProject;
			attributes = {
				LastUpgradeCheck = 0700;
				ORGANIZATIONNAME = "Asger Nyman Christiansen";
				TargetAttributes = {
					7A383A1B1BBFB6AC00E29333 = {
						CreatedOnToolsVersion = 6.4;
					};
				};
			};
			buildConfigurationList = 7A383A171BBFB6AC00E29333 /* Build configuration list for PBXProject "Spider" */;
			compatibilityVersion = "Xcode 3.2";
			developmentRegion = English;
			hasScannedForEncodings = 0;
			knownRegions = (
				en,
			);
			mainGroup = 7A383A131BBFB6AC00E29333;
			productRefGroup = 7A383A1D1BBFB6AC00E29333 /* Products */;
			projectDirPath = "";
			projectRoot = "";
			targets = (
				7A383A1B1BBFB6AC00E29333 /* Spider */,
			);
		};
/* End PBXProject section */

/* Begin PBXSourcesBuildPhase section */
		7A383A181BBFB6AC00E29333 /* Sources */ = {
			isa = PBXSourcesBuildPhase;
			buildActionMask = 2147483647;
			files = (
				7A383A331BBFCE5700E29333 /* View.cpp in Sources */,
				7A383A271BBFB6F700E29333 /* game.cpp in Sources */,
				7A70D0F91BC68BAA003E859B /* GLWrapper.cpp in Sources */,
				7AB0F2BC1BC07AA0009D85FD /* model.cpp in Sources */,
				7AB0F2C01BC07B52009D85FD /* spider.cpp in Sources */,
				7AB0F2C51BC25326009D85FD /* terrain.cpp in Sources */,
			);
			runOnlyForDeploymentPostprocessing = 0;
		};
/* End PBXSourcesBuildPhase section */

/* Begin XCBuildConfiguration section */
		7A383A211BBFB6AC00E29333 /* Debug */ = {
			isa = XCBuildConfiguration;
			buildSettings = {
				ALWAYS_SEARCH_USER_PATHS = NO;
				CLANG_CXX_LANGUAGE_STANDARD = "gnu++0x";
				CLANG_CXX_LIBRARY = "libc++";
				CLANG_ENABLE_MODULES = YES;
				CLANG_ENABLE_OBJC_ARC = YES;
				CLANG_WARN_BOOL_CONVERSION = YES;
				CLANG_WARN_CONSTANT_CONVERSION = YES;
				CLANG_WARN_DIRECT_OBJC_ISA_USAGE = YES_ERROR;
				CLANG_WARN_EMPTY_BODY = YES;
				CLANG_WARN_ENUM_CONVERSION = YES;
				CLANG_WARN_INT_CONVERSION = YES;
				CLANG_WARN_OBJC_ROOT_CLASS = YES_ERROR;
				CLANG_WARN_UNREACHABLE_CODE = YES;
				CLANG_WARN__DUPLICATE_METHOD_MATCH = YES;
				COPY_PHASE_STRIP = NO;
				DEBUG_INFORMATION_FORMAT = dwarf;
				ENABLE_STRICT_OBJC_MSGSEND = YES;
				ENABLE_TESTABILITY = YES;
				GCC_C_LANGUAGE_STANDARD = gnu99;
				GCC_DYNAMIC_NO_PIC = NO;
				GCC_NO_COMMON_BLOCKS = YES;
				GCC_OPTIMIZATION_LEVEL = 0;
				GCC_PREPROCESSOR_DEFINITIONS = (
					"DEBUG=1",
					"$(inherited)",
				);
				GCC_SYMBOLS_PRIVATE_EXTERN = NO;
				GCC_WARN_64_TO_32_BIT_CONVERSION = YES;
				GCC_WARN_ABOUT_RETURN_TYPE = YES_ERROR;
				GCC_WARN_UNDECLARED_SELECTOR = YES;
				GCC_WARN_UNINITIALIZED_AUTOS = YES_AGGRESSIVE;
				GCC_WARN_UNUSED_FUNCTION = YES;
				GCC_WARN_UNUSED_VARIABLE = YES;
				MACOSX_DEPLOYMENT_TARGET = 10.10;
				MTL_ENABLE_DEBUG_INFO = YES;
				ONLY_ACTIVE_ARCH = YES;
				SDKROOT = macosx;
			};
			name = Debug;
		};
		7A383A221BBFB6AC00E29333 /* Release */ = {
			isa = XCBuildConfiguration;
			buildSettings = {
				ALWAYS_SEARCH_USER_PATHS = NO;
				CLANG_CXX_LANGUAGE_STANDARD = "gnu++0x";
				CLANG_CXX_LIBRARY = "libc++";
				CLANG_ENABLE_MODULES = YES;
				CLANG_ENABLE_OBJC_ARC = YES;
				CLANG_WARN_BOOL_CONVERSION = YES;
				CLANG_WARN_CONSTANT_CONVERSION = YES;
				CLANG_WARN_DIRECT_OBJC_ISA_USAGE = YES_ERROR;
				CLANG_WARN_EMPTY_BODY = YES;
				CLANG_WARN_ENUM_CONVERSION = YES;
				CLANG_WARN_INT_CONVERSION = YES;
				CLANG_WARN_OBJC_ROOT_CLASS = YES_ERROR;
				CLANG_WARN_UNREACHABLE_CODE = YES;
				CLANG_WARN__DUPLICATE_METHOD_MATCH = YES;
				COPY_PHASE_STRIP = NO;
				DEBUG_INFORMATION_FORMAT = "dwarf-with-dsym";
				ENABLE_NS_ASSERTIONS = NO;
				ENABLE_STRICT_OBJC_MSGSEND = YES;
				GCC_C_LANGUAGE_STANDARD = gnu99;
				GCC_NO_COMMON_BLOCKS = YES;
				GCC_WARN_64_TO_32_BIT_CONVERSION = YES;
				GCC_WARN_ABOUT_RETURN_TYPE = YES_ERROR;
				GCC_WARN_UNDECLARED_SELECTOR = YES;
				GCC_WARN_UNINITIALIZED_AUTOS = YES_AGGRESSIVE;
				GCC_WARN_UNUSED_FUNCTION = YES;
				GCC_WARN_UNUSED_VARIABLE = YES;
				MACOSX_DEPLOYMENT_TARGET = 10.10;
				MTL_ENABLE_DEBUG_INFO = NO;
				SDKROOT = macosx;
			};
			name = Release;
		};
		7A383A241BBFB6AC00E29333 /* Debug */ = {
			isa = XCBuildConfiguration;
			buildSettings = {
				PRODUCT_NAME = "$(TARGET_NAME)";
				USER_HEADER_SEARCH_PATHS = ../glm/glm;
			};
			name = Debug;
		};
		7A383A251BBFB6AC00E29333 /* Release */ = {
			isa = XCBuildConfiguration;
			buildSettings = {
				PRODUCT_NAME = "$(TARGET_NAME)";
				USER_HEADER_SEARCH_PATHS = ../glm/glm;
			};
			name = Release;
		};
/* End XCBuildConfiguration section */

/* Begin XCConfigurationList section */
		7A383A171BBFB6AC00E29333 /* Build configuration list for PBXProject "Spider" */ = {
			isa = XCConfigurationList;
			buildConfigurations = (
				7A383A211BBFB6AC00E29333 /* Debug */,
				7A383A221BBFB6AC00E29333 /* Release */,
			);
			defaultConfigurationIsVisible = 0;
			defaultConfigurationName = Release;
		};
		7A383A231BBFB6AC00E29333 /* Build configuration list for PBXNativeTarget "Spider" */ = {
			isa = XCConfigurationList;
			buildConfigurations = (
				7A383A241BBFB6AC00E29333 /* Debug */,
				7A383A251BBFB6AC00E29333 /* Release */,
			);
			defaultConfigurationIsVisible = 0;
			defaultConfigurationName = Release;
		};
/* End XCConfigurationList section */
	};
	rootObject = 7A383A141BBFB6AC00E29333 /* Project object */;
}
